
Microsoft Visual Studio Solution File, Format Version 12.00
# Visual Studio 15
VisualStudioVersion = 15.0.27130.2010
MinimumVisualStudioVersion = 10.0.40219.1
Project("{9A19103F-16F7-4668-BE54-9A1E7A4F7556}") = "XC.RSAUtil.Test", "XC.RSAUtil.Test\XC.RSAUtil.Test.csproj", "{939349EF-A767-49C5-9925-6C2705D6D2F0}"
EndProject
Project("{9A19103F-16F7-4668-BE54-9A1E7A4F7556}") = "XC.RSAUtil", "XC.RSAUtil\XC.RSAUtil.csproj", "{1EBBF9AB-132C-4B9B-A951-31618B713003}"
EndProject
Project("{9A19103F-16F7-4668-BE54-9A1E7A4F7556}") = "XC.BouncyCastle.Crypto", "BouncyCastle.Crypto\XC.BouncyCastle.Crypto.csproj", "{0E7A4128-66AF-4111-A835-51D9BF4371B6}"
EndProject
Global
	GlobalSection(SolutionConfigurationPlatforms) = preSolution
		Debug|Any CPU = Debug|Any CPU
		Release|Any CPU = Release|Any CPU
	EndGlobalSection
	GlobalSection(ProjectConfigurationPlatforms) = postSolution
		{939349EF-A767-49C5-9925-6C2705D6D2F0}.Debug|Any CPU.ActiveCfg = Debug|Any CPU
		{939349EF-A767-49C5-9925-6C2705D6D2F0}.Debug|Any CPU.Build.0 = Debug|Any CPU
		{939349EF-A767-49C5-9925-6C2705D6D2F0}.Release|Any CPU.ActiveCfg = Release|Any CPU
		{939349EF-A767-49C5-9925-6C2705D6D2F0}.Release|Any CPU.Build.0 = Release|Any CPU
		{1EBBF9AB-132C-4B9B-A951-31618B713003}.Debug|Any CPU.ActiveCfg = Debug|Any CPU
		{1EBBF9AB-132C-4B9B-A951-31618B713003}.Debug|Any CPU.Build.0 = Debug|Any CPU
		{1EBBF9AB-132C-4B9B-A951-31618B713003}.Release|Any CPU.ActiveCfg = Release|Any CPU
		{1EBBF9AB-132C-4B9B-A951-31618B713003}.Release|Any CPU.Build.0 = Release|Any CPU
		{0E7A4128-66AF-4111-A835-51D9BF4371B6}.Debug|Any CPU.ActiveCfg = Debug|Any CPU
		{0E7A4128-66AF-4111-A835-51D9BF4371B6}.Debug|Any CPU.Build.0 = Debug|Any CPU
		{0E7A4128-66AF-4111-A835-51D9BF4371B6}.Release|Any CPU.ActiveCfg = Release|Any CPU
		{0E7A4128-66AF-4111-A835-51D9BF4371B6}.Release|Any CPU.Build.0 = Release|Any CPU
	EndGlobalSection
	GlobalSection(SolutionProperties) = preSolution
		HideSolutionNode = FALSE
	EndGlobalSection
	GlobalSection(ExtensibilityGlobals) = postSolution
		SolutionGuid = {8819583A-9993-4B7C-8BE1-7AA4F8E8B25B}
	EndGlobalSection
EndGlobal
